capnproto.org/go/capnp/v3 v3.0.0-alpha.7 h1:LHYs2wgBfiRd/0BeU9vdmyo41QI5WGixYv29umZZF8c=
capnproto.org/go/capnp/v3 v3.0.0-alpha.7/go.mod h1:Dynqh9/LE2Wy7jYd2wIoYgqFwh3hZHCmG7j6/uCWX6c=
github.com/davecgh/go-spew v1.1.0 h1:ZDRjVQ15GmhC3fiQ8ni8+OwkZQO4DARzQgrnXU1Liz8=
github.com/gorilla/mux v1.8.0 h1:i40aqfkR1h2SlN9hojwV5ZA91wcXFOvkdNIeFDP5koI=
github.com/gorilla/mux v1.8.0/go.mod h1:DVbg23sWSpFRCP0SfiEN6jmj59UnW/n46BH5rLB71So=
github.com/philhofer/fwd v1.1.1 h1:GdGcTjf5RNAxwS4QLsiMzJYj5KEvPJD3Abr261yRQXQ=
github.com/pmezard/go-difflib v1.0.0 h1:4DBwDE0NGyQoBHbLQYPwSUPoCMWR5BEzIk/f1lZbAQM=
github.com/stretchr/testify v1.7.0 h1:nwc3DEeHmmLAfoZucVR881uASk0Mfjw8xYJ99tb5CcY=
github.com/tinylib/msgp v1.1.5 h1:2gXmtWueD2HefZHQe1QOy9HVzmFrLOVvsXwXBQ0ayy0=
golang.org/x/sync v0.0.0-20201020160332-67f06af15bc9 h1:SQFwaSi55rU7vdNs9Yr0Z324VNlrF+0wMqRXT4St8ck=
golang.org/x/sync v0.0.0-20201020160332-67f06af15bc9/go.mod h1:RxMgew5VJxzue5/jJTE5uejpjVlOe/izrB70Jof72aM=
golang.org/x/sys v0.0.0-20220728004956-3c1f35247d10 h1:WIoqL4EROvwiPdUtaip4VcDdpZ4kha7wBWZrbVKCIZg=
golang.org/x/sys v0.0.0-20220728004956-3c1f35247d10/go.mod h1:oPkhp1MJrh7nUepCBck5+mAzfO9JrbApNNgaTdGDITg=
gopkg.in/yaml.v3 v3.0.0-20200313102051-9f266ea9e77c h1:dUUwHk2QECo/6vqA44rthZ8ie2QXMNeKRTHCNY2nXvo=
zenhack.net/go/sandstorm v0.0.0-20220806194653-4d4ad4418a15 h1:iwfg38mHIBhXjJovFmBVnOZSiFMGiVCvBL/L6oiET3g=
zenhack.net/go/sandstorm v0.0.0-20220806194653-4d4ad4418a15/go.mod h1:P5hZMX8qLj6XEhfOQRC3IeZCUbKRG+j6uIuR70K2dXo=
zenhack.net/go/util v0.0.0-20221015181152-e65f93a0f343 h1:pqkJrh/4SZf9a0m1+VeQFVBu1NaCuaimRfDiG4Wz9zM=
zenhack.net/go/util v0.0.0-20221015181152-e65f93a0f343/go.mod h1:0lafdGg7tDb7RcXASgmJmRbLFLkAxu328+KGIs7icDE=
zenhack.net/go/vdom v0.0.0-20221104044328-f3b1dd7f4360 h1:q13RTQdycIbXsfbGbulCUKyLeyoT6f8yJjpGsK93MfI=
zenhack.net/go/vdom v0.0.0-20221104044328-f3b1dd7f4360/go.mod h1:6WIfdsOxSlWalwz8i+nMyKDjinQKQFVLDhEJGvI1dWU=
