# This file is autogenerated, do not edit; changes may be undone by the next 'dep ensure'.


[[projects]]
  branch = "master"
  name = "github.com/kr/pretty"
  packages = ["."]
  revision = "cfb55aafdaf3ec08f0db22699ab822c50091b1c4"

[[projects]]
  branch = "master"
  name = "github.com/kr/text"
  packages = ["."]
  revision = "7cafcd837844e784b526369c9bce262804aebc60"

[[projects]]
  branch = "master"
  name = "golang.org/x/net"
  packages = [
    "context",
    "websocket"
  ]
  revision = "f5dfe339be1d06f81b22525fe34671ee7d2c8904"

[[projects]]
  branch = "v3"
  name = "zombiezen.com/go/capnproto2"
  packages = [
    ".",
    "encoding/text",
    "internal/errors",
    "internal/nodemap",
    "internal/packed",
    "internal/schema",
    "internal/strquote",
    "pogs",
    "rpc",
    "schemas",
    "server",
    "std/capnp/persistent",
    "std/capnp/rpc"
  ]
  revision = "e89f9b7f0213f1edba4cb93ccb98cff018d2a5b1"

[solve-meta]
  analyzer-name = "dep"
  analyzer-version = 1
  inputs-digest = "4731b7ef92849f486ecd95e7ab05a3c5b61a66e5bcd90c341e273ca1d39aa947"
  solver-name = "gps-cdcl"
  solver-version = 1
